
Microsoft Visual Studio Solution File, Format Version 12.00
# Visual Studio Version 17
VisualStudioVersion = 17.6.33829.357
MinimumVisualStudioVersion = 10.0.40219.1
Project("{9A19103F-16F7-4668-BE54-9A1E7A4F7556}") = "Core.Persistance", "Core.Persistance\Core.Persistance.csproj", "{C52BA76F-5631-430C-A86B-426293253C67}"
EndProject
Project("{9A19103F-16F7-4668-BE54-9A1E7A4F7556}") = "Core.Application", "Core.Application\Core.Application.csproj", "{07F782A3-E474-44E8-8D05-F151AC2DD279}"
EndProject
Project("{FAE04EC0-301F-11D3-BF4B-00C04F79EFBC}") = "Core.CrossCuttingConserns", "Core.CrossCuttingConserns\Core.CrossCuttingConserns.csproj", "{884A15F2-FE09-4555-864D-7DA407CC08BF}"
EndProject
Global
	GlobalSection(SolutionConfigurationPlatforms) = preSolution
		Debug|Any CPU = Debug|Any CPU
		Release|Any CPU = Release|Any CPU
	EndGlobalSection
	GlobalSection(ProjectConfigurationPlatforms) = postSolution
		{C52BA76F-5631-430C-A86B-426293253C67}.Debug|Any CPU.ActiveCfg = Debug|Any CPU
		{C52BA76F-5631-430C-A86B-426293253C67}.Debug|Any CPU.Build.0 = Debug|Any CPU
		{C52BA76F-5631-430C-A86B-426293253C67}.Release|Any CPU.ActiveCfg = Release|Any CPU
		{C52BA76F-5631-430C-A86B-426293253C67}.Release|Any CPU.Build.0 = Release|Any CPU
		{07F782A3-E474-44E8-8D05-F151AC2DD279}.Debug|Any CPU.ActiveCfg = Debug|Any CPU
		{07F782A3-E474-44E8-8D05-F151AC2DD279}.Debug|Any CPU.Build.0 = Debug|Any CPU
		{07F782A3-E474-44E8-8D05-F151AC2DD279}.Release|Any CPU.ActiveCfg = Release|Any CPU
		{07F782A3-E474-44E8-8D05-F151AC2DD279}.Release|Any CPU.Build.0 = Release|Any CPU
		{884A15F2-FE09-4555-864D-7DA407CC08BF}.Debug|Any CPU.ActiveCfg = Debug|Any CPU
		{884A15F2-FE09-4555-864D-7DA407CC08BF}.Debug|Any CPU.Build.0 = Debug|Any CPU
		{884A15F2-FE09-4555-864D-7DA407CC08BF}.Release|Any CPU.ActiveCfg = Release|Any CPU
		{884A15F2-FE09-4555-864D-7DA407CC08BF}.Release|Any CPU.Build.0 = Release|Any CPU
	EndGlobalSection
	GlobalSection(SolutionProperties) = preSolution
		HideSolutionNode = FALSE
	EndGlobalSection
	GlobalSection(ExtensibilityGlobals) = postSolution
		SolutionGuid = {061D08CA-20D8-4F92-A581-6B6A8371BEC5}
	EndGlobalSection
EndGlobal
